
Microsoft Visual Studio Solution File, Format Version 12.00
# Visual Studio Version 17
VisualStudioVersion = 17.7.34024.191
MinimumVisualStudioVersion = 10.0.40219.1
Project("{FAE04EC0-301F-11D3-BF4B-00C04F79EFBC}") = "ktracuoikyLTW", "ktracuoikyLTW\ktracuoikyLTW.csproj", "{5AF77817-BDC5-46B9-BF96-1777F0E77E4D}"
EndProject
Global
	GlobalSection(SolutionConfigurationPlatforms) = preSolution
		Debug|Any CPU = Debug|Any CPU
		Release|Any CPU = Release|Any CPU
	EndGlobalSection
	GlobalSection(ProjectConfigurationPlatforms) = postSolution
		{5AF77817-BDC5-46B9-BF96-1777F0E77E4D}.Debug|Any CPU.ActiveCfg = Debug|Any CPU
		{5AF77817-BDC5-46B9-BF96-1777F0E77E4D}.Debug|Any CPU.Build.0 = Debug|Any CPU
		{5AF77817-BDC5-46B9-BF96-1777F0E77E4D}.Release|Any CPU.ActiveCfg = Release|Any CPU
		{5AF77817-BDC5-46B9-BF96-1777F0E77E4D}.Release|Any CPU.Build.0 = Release|Any CPU
	EndGlobalSection
	GlobalSection(SolutionProperties) = preSolution
		HideSolutionNode = FALSE
	EndGlobalSection
	GlobalSection(ExtensibilityGlobals) = postSolution
		SolutionGuid = {FDBB9F8B-FF30-40E9-B7F8-739EE3163D9F}
	EndGlobalSection
EndGlobal
